
Microsoft Visual Studio Solution File, Format Version 12.00
# Visual Studio Version 17
VisualStudioVersion = 17.1.32407.343
MinimumVisualStudioVersion = 10.0.40219.1
Project("{9A19103F-16F7-4668-BE54-9A1E7A4F7556}") = "GameUI", "GameUI\GameUI.csproj", "{A9C31E73-CAE8-4172-8736-70C2C0B1CFF8}"
EndProject
Project("{FAE04EC0-301F-11D3-BF4B-00C04F79EFBC}") = "GameLogic", "GameLogic\GameLogic.csproj", "{2C5823CD-7343-464C-9EDC-6E810C2088A3}"
EndProject
Global
	GlobalSection(SolutionConfigurationPlatforms) = preSolution
		Debug|Any CPU = Debug|Any CPU
		Release|Any CPU = Release|Any CPU
	EndGlobalSection
	GlobalSection(ProjectConfigurationPlatforms) = postSolution
		{A9C31E73-CAE8-4172-8736-70C2C0B1CFF8}.Debug|Any CPU.ActiveCfg = Debug|Any CPU
		{A9C31E73-CAE8-4172-8736-70C2C0B1CFF8}.Debug|Any CPU.Build.0 = Debug|Any CPU
		{A9C31E73-CAE8-4172-8736-70C2C0B1CFF8}.Release|Any CPU.ActiveCfg = Release|Any CPU
		{A9C31E73-CAE8-4172-8736-70C2C0B1CFF8}.Release|Any CPU.Build.0 = Release|Any CPU
		{2C5823CD-7343-464C-9EDC-6E810C2088A3}.Debug|Any CPU.ActiveCfg = Debug|Any CPU
		{2C5823CD-7343-464C-9EDC-6E810C2088A3}.Debug|Any CPU.Build.0 = Debug|Any CPU
		{2C5823CD-7343-464C-9EDC-6E810C2088A3}.Release|Any CPU.ActiveCfg = Release|Any CPU
		{2C5823CD-7343-464C-9EDC-6E810C2088A3}.Release|Any CPU.Build.0 = Release|Any CPU
	EndGlobalSection
	GlobalSection(SolutionProperties) = preSolution
		HideSolutionNode = FALSE
	EndGlobalSection
	GlobalSection(ExtensibilityGlobals) = postSolution
		SolutionGuid = {BB93550C-737B-49BD-8125-8B91E14D17E4}
	EndGlobalSection
EndGlobal
